
Microsoft Visual Studio Solution File, Format Version 12.00
# Visual Studio 15
VisualStudioVersion = 15.0.28307.572
MinimumVisualStudioVersion = 10.0.40219.1
Project("{FAE04EC0-301F-11D3-BF4B-00C04F79EFBC}") = "MediathequeAbonne", "MediathequeAbonne\MediathequeAbonne.csproj", "{510DAA93-049E-4F48-AA6B-330857CE735B}"
EndProject
Project("{FAE04EC0-301F-11D3-BF4B-00C04F79EFBC}") = "Saisie", "Saisie\Saisie.csproj", "{3A8EEC59-BF2C-45DF-AFA5-397210A9BD2F}"
EndProject
Project("{FAE04EC0-301F-11D3-BF4B-00C04F79EFBC}") = "MediaLib", "MediaLib\MediaLib.csproj", "{D2D30EEF-B05C-4250-A250-A4E34006A0B4}"
EndProject
Global
	GlobalSection(SolutionConfigurationPlatforms) = preSolution
		Debug|Any CPU = Debug|Any CPU
		Release|Any CPU = Release|Any CPU
	EndGlobalSection
	GlobalSection(ProjectConfigurationPlatforms) = postSolution
		{510DAA93-049E-4F48-AA6B-330857CE735B}.Debug|Any CPU.ActiveCfg = Debug|Any CPU
		{510DAA93-049E-4F48-AA6B-330857CE735B}.Debug|Any CPU.Build.0 = Debug|Any CPU
		{510DAA93-049E-4F48-AA6B-330857CE735B}.Release|Any CPU.ActiveCfg = Release|Any CPU
		{510DAA93-049E-4F48-AA6B-330857CE735B}.Release|Any CPU.Build.0 = Release|Any CPU
		{3A8EEC59-BF2C-45DF-AFA5-397210A9BD2F}.Debug|Any CPU.ActiveCfg = Debug|Any CPU
		{3A8EEC59-BF2C-45DF-AFA5-397210A9BD2F}.Debug|Any CPU.Build.0 = Debug|Any CPU
		{3A8EEC59-BF2C-45DF-AFA5-397210A9BD2F}.Release|Any CPU.ActiveCfg = Release|Any CPU
		{3A8EEC59-BF2C-45DF-AFA5-397210A9BD2F}.Release|Any CPU.Build.0 = Release|Any CPU
		{D2D30EEF-B05C-4250-A250-A4E34006A0B4}.Debug|Any CPU.ActiveCfg = Debug|Any CPU
		{D2D30EEF-B05C-4250-A250-A4E34006A0B4}.Debug|Any CPU.Build.0 = Debug|Any CPU
		{D2D30EEF-B05C-4250-A250-A4E34006A0B4}.Release|Any CPU.ActiveCfg = Release|Any CPU
		{D2D30EEF-B05C-4250-A250-A4E34006A0B4}.Release|Any CPU.Build.0 = Release|Any CPU
	EndGlobalSection
	GlobalSection(SolutionProperties) = preSolution
		HideSolutionNode = FALSE
	EndGlobalSection
	GlobalSection(ExtensibilityGlobals) = postSolution
		SolutionGuid = {8C0CF73D-52F2-4703-A948-6E3EC8788AF2}
	EndGlobalSection
EndGlobal
